
Microsoft Visual Studio Solution File, Format Version 12.00
# Visual Studio Version 17
VisualStudioVersion = 17.1.32407.343
MinimumVisualStudioVersion = 10.0.40219.1
Project("{FAE04EC0-301F-11D3-BF4B-00C04F79EFBC}") = "ADBGuiTool", "ADBGuiTool\ADBGuiTool.csproj", "{1BFD1568-E471-454A-B77C-3EFBFAB916A0}"
EndProject
Global
	GlobalSection(SolutionConfigurationPlatforms) = preSolution
		Debug|Any CPU = Debug|Any CPU
		Release|Any CPU = Release|Any CPU
	EndGlobalSection
	GlobalSection(ProjectConfigurationPlatforms) = postSolution
		{1BFD1568-E471-454A-B77C-3EFBFAB916A0}.Debug|Any CPU.ActiveCfg = Debug|Any CPU
		{1BFD1568-E471-454A-B77C-3EFBFAB916A0}.Debug|Any CPU.Build.0 = Debug|Any CPU
		{1BFD1568-E471-454A-B77C-3EFBFAB916A0}.Release|Any CPU.ActiveCfg = Release|Any CPU
		{1BFD1568-E471-454A-B77C-3EFBFAB916A0}.Release|Any CPU.Build.0 = Release|Any CPU
	EndGlobalSection
	GlobalSection(SolutionProperties) = preSolution
		HideSolutionNode = FALSE
	EndGlobalSection
	GlobalSection(ExtensibilityGlobals) = postSolution
		SolutionGuid = {EFC742DA-67CE-4A47-96E9-5F921DC6ECF8}
	EndGlobalSection
EndGlobal
